// !$*UTF8*$!
{
	archiveVersion = 1;
	classes = {
	};
	objectVersion = 50;
	objects = {

/* Begin PBXBuildFile section */
		EE5C085921302A7B00F6296C /* AppDelegate.swift in Sources */ = {isa = PBXBuildFile; fileRef = EE5C085821302A7B00F6296C /* AppDelegate.swift */; };
		EE5C085B21302A7B00F6296C /* art.scnassets in Resources */ = {isa = PBXBuildFile; fileRef = EE5C085A21302A7B00F6296C /* art.scnassets */; };
		EE5C085D21302A7B00F6296C /* MainViewController.swift in Sources */ = {isa = PBXBuildFile; fileRef = EE5C085C21302A7B00F6296C /* MainViewController.swift */; };
		EE5C086221302A7C00F6296C /* Assets.xcassets in Resources */ = {isa = PBXBuildFile; fileRef = EE5C086121302A7C00F6296C /* Assets.xcassets */; };
		EE5C086521302A7C00F6296C /* LaunchScreen.storyboard in Resources */ = {isa = PBXBuildFile; fileRef = EE5C086321302A7C00F6296C /* LaunchScreen.storyboard */; };
		EE5C08712131E15C00F6296C /* Default-568h@2x.png in Resources */ = {isa = PBXBuildFile; fileRef = EE5C08702131E15C00F6296C /* Default-568h@2x.png */; };
		EE5C08762131E27900F6296C /* Coordinator.swift in Sources */ = {isa = PBXBuildFile; fileRef = EE5C08752131E27900F6296C /* Coordinator.swift */; };
		EE5C08782131E2CB00F6296C /* MainViewController.xib in Resources */ = {isa = PBXBuildFile; fileRef = EE5C08772131E2CB00F6296C /* MainViewController.xib */; };
		EE5C087A2131E32E00F6296C /* ApplicationCoordinator.swift in Sources */ = {isa = PBXBuildFile; fileRef = EE5C08792131E32E00F6296C /* ApplicationCoordinator.swift */; };
		EE5C087D2131E44B00F6296C /* MapPersistenceViewController.swift in Sources */ = {isa = PBXBuildFile; fileRef = EE5C087B2131E43600F6296C /* MapPersistenceViewController.swift */; };
		EE5C087F2131E52300F6296C /* MainCoordinator.swift in Sources */ = {isa = PBXBuildFile; fileRef = EE5C087E2131E52300F6296C /* MainCoordinator.swift */; };
		EE5C08812131EF2200F6296C /* MapPersistenceCoordinator.swift in Sources */ = {isa = PBXBuildFile; fileRef = EE5C08802131EF2200F6296C /* MapPersistenceCoordinator.swift */; };
		EE5C08832131EF9200F6296C /* MapPersistenceViewController.xib in Resources */ = {isa = PBXBuildFile; fileRef = EE5C08822131EF9200F6296C /* MapPersistenceViewController.xib */; };
/* End PBXBuildFile section */

/* Begin PBXFileReference section */
		EE5C085521302A7B00F6296C /* WhatsNewInARKit2.app */ = {isa = PBXFileReference; explicitFileType = wrapper.application; includeInIndex = 0; path = WhatsNewInARKit2.app; sourceTree = BUILT_PRODUCTS_DIR; };
		EE5C085821302A7B00F6296C /* AppDelegate.swift */ = {isa = PBXFileReference; lastKnownFileType = sourcecode.swift; path = AppDelegate.swift; sourceTree = "<group>"; };
		EE5C085A21302A7B00F6296C /* art.scnassets */ = {isa = PBXFileReference; lastKnownFileType = wrapper.scnassets; path = art.scnassets; sourceTree = "<group>"; };
		EE5C085C21302A7B00F6296C /* MainViewController.swift */ = {isa = PBXFileReference; lastKnownFileType = sourcecode.swift; path = MainViewController.swift; sourceTree = "<group>"; };
		EE5C086121302A7C00F6296C /* Assets.xcassets */ = {isa = PBXFileReference; lastKnownFileType = folder.assetcatalog; path = Assets.xcassets; sourceTree = "<group>"; };
		EE5C086421302A7C00F6296C /* Base */ = {isa = PBXFileReference; lastKnownFileType = file.storyboard; name = Base; path = Base.lproj/LaunchScreen.storyboard; sourceTree = "<group>"; };
		EE5C086621302A7C00F6296C /* Info.plist */ = {isa = PBXFileReference; lastKnownFileType = text.plist.xml; path = Info.plist; sourceTree = "<group>"; };
		EE5C08702131E15C00F6296C /* Default-568h@2x.png */ = {isa = PBXFileReference; lastKnownFileType = image.png; path = "Default-568h@2x.png"; sourceTree = "<group>"; };
		EE5C08752131E27900F6296C /* Coordinator.swift */ = {isa = PBXFileReference; lastKnownFileType = sourcecode.swift; path = Coordinator.swift; sourceTree = "<group>"; };
		EE5C08772131E2CB00F6296C /* MainViewController.xib */ = {isa = PBXFileReference; lastKnownFileType = file.xib; path = MainViewController.xib; sourceTree = "<group>"; };
		EE5C08792131E32E00F6296C /* ApplicationCoordinator.swift */ = {isa = PBXFileReference; lastKnownFileType = sourcecode.swift; path = ApplicationCoordinator.swift; sourceTree = "<group>"; };
		EE5C087B2131E43600F6296C /* MapPersistenceViewController.swift */ = {isa = PBXFileReference; lastKnownFileType = sourcecode.swift; path = MapPersistenceViewController.swift; sourceTree = "<group>"; };
		EE5C087E2131E52300F6296C /* MainCoordinator.swift */ = {isa = PBXFileReference; lastKnownFileType = sourcecode.swift; path = MainCoordinator.swift; sourceTree = "<group>"; };
		EE5C08802131EF2200F6296C /* MapPersistenceCoordinator.swift */ = {isa = PBXFileReference; lastKnownFileType = sourcecode.swift; path = MapPersistenceCoordinator.swift; sourceTree = "<group>"; };
		EE5C08822131EF9200F6296C /* MapPersistenceViewController.xib */ = {isa = PBXFileReference; lastKnownFileType = file.xib; path = MapPersistenceViewController.xib; sourceTree = "<group>"; };
/* End PBXFileReference section */

/* Begin PBXFrameworksBuildPhase section */
		EE5C085221302A7B00F6296C /* Frameworks */ = {
			isa = PBXFrameworksBuildPhase;
			buildActionMask = 2147483647;
			files = (
			);
			runOnlyForDeploymentPostprocessing = 0;
		};
/* End PBXFrameworksBuildPhase section */

/* Begin PBXGroup section */
		EE5C084C21302A7B00F6296C = {
			isa = PBXGroup;
			children = (
				EE5C08702131E15C00F6296C /* Default-568h@2x.png */,
				EE5C085721302A7B00F6296C /* WhatsNewInARKit2 */,
				EE5C085621302A7B00F6296C /* Products */,
			);
			sourceTree = "<group>";
		};
		EE5C085621302A7B00F6296C /* Products */ = {
			isa = PBXGroup;
			children = (
				EE5C085521302A7B00F6296C /* WhatsNewInARKit2.app */,
			);
			name = Products;
			sourceTree = "<group>";
		};
		EE5C085721302A7B00F6296C /* WhatsNewInARKit2 */ = {
			isa = PBXGroup;
			children = (
				EE5C086C2130DF9400F6296C /* Application */,
				EE5C08722131E23000F6296C /* Common */,
				EE5C086E2130DFA300F6296C /* Supporting Files */,
			);
			path = WhatsNewInARKit2;
			sourceTree = "<group>";
		};
		EE5C086C2130DF9400F6296C /* Application */ = {
			isa = PBXGroup;
			children = (
				EE5C08792131E32E00F6296C /* ApplicationCoordinator.swift */,
				EE5C086D2130DF9900F6296C /* Main */,
				EE5C086F2130E60000F6296C /* Map Persistence */,
			);
			path = Application;
			sourceTree = "<group>";
		};
		EE5C086D2130DF9900F6296C /* Main */ = {
			isa = PBXGroup;
			children = (
				EE5C087E2131E52300F6296C /* MainCoordinator.swift */,
				EE5C085C21302A7B00F6296C /* MainViewController.swift */,
				EE5C08772131E2CB00F6296C /* MainViewController.xib */,
				EE5C085821302A7B00F6296C /* AppDelegate.swift */,
			);
			path = Main;
			sourceTree = "<group>";
		};
		EE5C086E2130DFA300F6296C /* Supporting Files */ = {
			isa = PBXGroup;
			children = (
				EE5C086321302A7C00F6296C /* LaunchScreen.storyboard */,
				EE5C086621302A7C00F6296C /* Info.plist */,
				EE5C085A21302A7B00F6296C /* art.scnassets */,
				EE5C086121302A7C00F6296C /* Assets.xcassets */,
			);
			path = "Supporting Files";
			sourceTree = "<group>";
		};
		EE5C086F2130E60000F6296C /* Map Persistence */ = {
			isa = PBXGroup;
			children = (
				EE5C087B2131E43600F6296C /* MapPersistenceViewController.swift */,
				EE5C08802131EF2200F6296C /* MapPersistenceCoordinator.swift */,
				EE5C08822131EF9200F6296C /* MapPersistenceViewController.xib */,
			);
			path = "Map Persistence";
			sourceTree = "<group>";
		};
		EE5C08722131E23000F6296C /* Common */ = {
			isa = PBXGroup;
			children = (
				EE5C08742131E26C00F6296C /* Protocols */,
			);
			path = Common;
			sourceTree = "<group>";
		};
		EE5C08742131E26C00F6296C /* Protocols */ = {
			isa = PBXGroup;
			children = (
				EE5C08752131E27900F6296C /* Coordinator.swift */,
			);
			path = Protocols;
			sourceTree = "<group>";
		};
/* End PBXGroup section */

/* Begin PBXNativeTarget section */
		EE5C085421302A7B00F6296C /* WhatsNewInARKit2 */ = {
			isa = PBXNativeTarget;
			buildConfigurationList = EE5C086921302A7C00F6296C /* Build configuration list for PBXNativeTarget "WhatsNewInARKit2" */;
			buildPhases = (
				EE5C085121302A7B00F6296C /* Sources */,
				EE5C085221302A7B00F6296C /* Frameworks */,
				EE5C085321302A7B00F6296C /* Resources */,
			);
			buildRules = (
			);
			dependencies = (
			);
			name = WhatsNewInARKit2;
			productName = WhatsNewInARKit2;
			productReference = EE5C085521302A7B00F6296C /* WhatsNewInARKit2.app */;
			productType = "com.apple.product-type.application";
		};
/* End PBXNativeTarget section */

/* Begin PBXProject section */
		EE5C084D21302A7B00F6296C /* Project object */ = {
			isa = PBXProject;
			attributes = {
				LastSwiftUpdateCheck = 1000;
				LastUpgradeCheck = 1000;
				ORGANIZATIONNAME = "Victor Melo";
				TargetAttributes = {
					EE5C085421302A7B00F6296C = {
						CreatedOnToolsVersion = 10.0;
					};
				};
			};
			buildConfigurationList = EE5C085021302A7B00F6296C /* Build configuration list for PBXProject "WhatsNewInARKit2" */;
			compatibilityVersion = "Xcode 9.3";
			developmentRegion = en;
			hasScannedForEncodings = 0;
			knownRegions = (
				en,
				Base,
			);
			mainGroup = EE5C084C21302A7B00F6296C;
			productRefGroup = EE5C085621302A7B00F6296C /* Products */;
			projectDirPath = "";
			projectRoot = "";
			targets = (
				EE5C085421302A7B00F6296C /* WhatsNewInARKit2 */,
			);
		};
/* End PBXProject section */

/* Begin PBXResourcesBuildPhase section */
		EE5C085321302A7B00F6296C /* Resources */ = {
			isa = PBXResourcesBuildPhase;
			buildActionMask = 2147483647;
			files = (
				EE5C085B21302A7B00F6296C /* art.scnassets in Resources */,
				EE5C086521302A7C00F6296C /* LaunchScreen.storyboard in Resources */,
				EE5C086221302A7C00F6296C /* Assets.xcassets in Resources */,
				EE5C08712131E15C00F6296C /* Default-568h@2x.png in Resources */,
				EE5C08832131EF9200F6296C /* MapPersistenceViewController.xib in Resources */,
				EE5C08782131E2CB00F6296C /* MainViewController.xib in Resources */,
			);
			runOnlyForDeploymentPostprocessing = 0;
		};
/* End PBXResourcesBuildPhase section */

/* Begin PBXSourcesBuildPhase section */
		EE5C085121302A7B00F6296C /* Sources */ = {
			isa = PBXSourcesBuildPhase;
			buildActionMask = 2147483647;
			files = (
				EE5C087D2131E44B00F6296C /* MapPersistenceViewController.swift in Sources */,
				EE5C085D21302A7B00F6296C /* MainViewController.swift in Sources */,
				EE5C08812131EF2200F6296C /* MapPersistenceCoordinator.swift in Sources */,
				EE5C085921302A7B00F6296C /* AppDelegate.swift in Sources */,
				EE5C08762131E27900F6296C /* Coordinator.swift in Sources */,
				EE5C087A2131E32E00F6296C /* ApplicationCoordinator.swift in Sources */,
				EE5C087F2131E52300F6296C /* MainCoordinator.swift in Sources */,
			);
			runOnlyForDeploymentPostprocessing = 0;
		};
/* End PBXSourcesBuildPhase section */

/* Begin PBXVariantGroup section */
		EE5C086321302A7C00F6296C /* LaunchScreen.storyboard */ = {
			isa = PBXVariantGroup;
			children = (
				EE5C086421302A7C00F6296C /* Base */,
			);
			name = LaunchScreen.storyboard;
			sourceTree = "<group>";
		};
/* End PBXVariantGroup section */

/* Begin XCBuildConfiguration section */
		EE5C086721302A7C00F6296C /* Debug */ = {
			isa = XCBuildConfiguration;
			buildSettings = {
				ALWAYS_SEARCH_USER_PATHS = NO;
				CLANG_ANALYZER_NONNULL = YES;
				CLANG_ANALYZER_NUMBER_OBJECT_CONVERSION = YES_AGGRESSIVE;
				CLANG_CXX_LANGUAGE_STANDARD = "gnu++14";
				CLANG_CXX_LIBRARY = "libc++";
				CLANG_ENABLE_MODULES = YES;
				CLANG_ENABLE_OBJC_ARC = YES;
				CLANG_ENABLE_OBJC_WEAK = YES;
				CLANG_WARN_BLOCK_CAPTURE_AUTORELEASING = YES;
				CLANG_WARN_BOOL_CONVERSION = YES;
				CLANG_WARN_COMMA = YES;
				CLANG_WARN_CONSTANT_CONVERSION = YES;
				CLANG_WARN_DEPRECATED_OBJC_IMPLEMENTATIONS = YES;
				CLANG_WARN_DIRECT_OBJC_ISA_USAGE = YES_ERROR;
				CLANG_WARN_DOCUMENTATION_COMMENTS = YES;
				CLANG_WARN_EMPTY_BODY = YES;
				CLANG_WARN_ENUM_CONVERSION = YES;
				CLANG_WARN_INFINITE_RECURSION = YES;
				CLANG_WARN_INT_CONVERSION = YES;
				CLANG_WARN_NON_LITERAL_NULL_CONVERSION = YES;
				CLANG_WARN_OBJC_IMPLICIT_RETAIN_SELF = YES;
				CLANG_WARN_OBJC_LITERAL_CONVERSION = YES;
				CLANG_WARN_OBJC_ROOT_CLASS = YES_ERROR;
				CLANG_WARN_RANGE_LOOP_ANALYSIS = YES;
				CLANG_WARN_STRICT_PROTOTYPES = YES;
				CLANG_WARN_SUSPICIOUS_MOVE = YES;
				CLANG_WARN_UNGUARDED_AVAILABILITY = YES_AGGRESSIVE;
				CLANG_WARN_UNREACHABLE_CODE = YES;
				CLANG_WARN__DUPLICATE_METHOD_MATCH = YES;
				CODE_SIGN_IDENTITY = "iPhone Developer";
				COPY_PHASE_STRIP = NO;
				DEBUG_INFORMATION_FORMAT = dwarf;
				ENABLE_STRICT_OBJC_MSGSEND = YES;
				ENABLE_TESTABILITY = YES;
				GCC_C_LANGUAGE_STANDARD = gnu11;
				GCC_DYNAMIC_NO_PIC = NO;
				GCC_NO_COMMON_BLOCKS = YES;
				GCC_OPTIMIZATION_LEVEL = 0;
				GCC_PREPROCESSOR_DEFINITIONS = (
					"DEBUG=1",
					"$(inherited)",
				);
				GCC_WARN_64_TO_32_BIT_CONVERSION = YES;
				GCC_WARN_ABOUT_RETURN_TYPE = YES_ERROR;
				GCC_WARN_UNDECLARED_SELECTOR = YES;
				GCC_WARN_UNINITIALIZED_AUTOS = YES_AGGRESSIVE;
				GCC_WARN_UNUSED_FUNCTION = YES;
				GCC_WARN_UNUSED_VARIABLE = YES;
				IPHONEOS_DEPLOYMENT_TARGET = 12.0;
				MTL_ENABLE_DEBUG_INFO = INCLUDE_SOURCE;
				MTL_FAST_MATH = YES;
				ONLY_ACTIVE_ARCH = YES;
				SDKROOT = iphoneos;
				SWIFT_ACTIVE_COMPILATION_CONDITIONS = DEBUG;
				SWIFT_OPTIMIZATION_LEVEL = "-Onone";
			};
			name = Debug;
		};
		EE5C086821302A7C00F6296C /* Release */ = {
			isa = XCBuildConfiguration;
			buildSettings = {
				ALWAYS_SEARCH_USER_PATHS = NO;
				CLANG_ANALYZER_NONNULL = YES;
				CLANG_ANALYZER_NUMBER_OBJECT_CONVERSION = YES_AGGRESSIVE;
				CLANG_CXX_LANGUAGE_STANDARD = "gnu++14";
				CLANG_CXX_LIBRARY = "libc++";
				CLANG_ENABLE_MODULES = YES;
				CLANG_ENABLE_OBJC_ARC = YES;
				CLANG_ENABLE_OBJC_WEAK = YES;
				CLANG_WARN_BLOCK_CAPTURE_AUTORELEASING = YES;
				CLANG_WARN_BOOL_CONVERSION = YES;
				CLANG_WARN_COMMA = YES;
				CLANG_WARN_CONSTANT_CONVERSION = YES;
				CLANG_WARN_DEPRECATED_OBJC_IMPLEMENTATIONS = YES;
				CLANG_WARN_DIRECT_OBJC_ISA_USAGE = YES_ERROR;
				CLANG_WARN_DOCUMENTATION_COMMENTS = YES;
				CLANG_WARN_EMPTY_BODY = YES;
				CLANG_WARN_ENUM_CONVERSION = YES;
				CLANG_WARN_INFINITE_RECURSION = YES;
				CLANG_WARN_INT_CONVERSION = YES;
				CLANG_WARN_NON_LITERAL_NULL_CONVERSION = YES;
				CLANG_WARN_OBJC_IMPLICIT_RETAIN_SELF = YES;
				CLANG_WARN_OBJC_LITERAL_CONVERSION = YES;
				CLANG_WARN_OBJC_ROOT_CLASS = YES_ERROR;
				CLANG_WARN_RANGE_LOOP_ANALYSIS = YES;
				CLANG_WARN_STRICT_PROTOTYPES = YES;
				CLANG_WARN_SUSPICIOUS_MOVE = YES;
				CLANG_WARN_UNGUARDED_AVAILABILITY = YES_AGGRESSIVE;
				CLANG_WARN_UNREACHABLE_CODE = YES;
				CLANG_WARN__DUPLICATE_METHOD_MATCH = YES;
				CODE_SIGN_IDENTITY = "iPhone Developer";
				COPY_PHASE_STRIP = NO;
				DEBUG_INFORMATION_FORMAT = "dwarf-with-dsym";
				ENABLE_NS_ASSERTIONS = NO;
				ENABLE_STRICT_OBJC_MSGSEND = YES;
				GCC_C_LANGUAGE_STANDARD = gnu11;
				GCC_NO_COMMON_BLOCKS = YES;
				GCC_WARN_64_TO_32_BIT_CONVERSION = YES;
				GCC_WARN_ABOUT_RETURN_TYPE = YES_ERROR;
				GCC_WARN_UNDECLARED_SELECTOR = YES;
				GCC_WARN_UNINITIALIZED_AUTOS = YES_AGGRESSIVE;
				GCC_WARN_UNUSED_FUNCTION = YES;
				GCC_WARN_UNUSED_VARIABLE = YES;
				IPHONEOS_DEPLOYMENT_TARGET = 12.0;
				MTL_ENABLE_DEBUG_INFO = NO;
				MTL_FAST_MATH = YES;
				SDKROOT = iphoneos;
				SWIFT_COMPILATION_MODE = wholemodule;
				SWIFT_OPTIMIZATION_LEVEL = "-O";
				VALIDATE_PRODUCT = YES;
			};
			name = Release;
		};
		EE5C086A21302A7C00F6296C /* Debug */ = {
			isa = XCBuildConfiguration;
			buildSettings = {
				ASSETCATALOG_COMPILER_APPICON_NAME = AppIcon;
				CODE_SIGN_STYLE = Automatic;
				DEVELOPMENT_TEAM = Y93HUJS49V;
				INFOPLIST_FILE = "WhatsNewInARKit2/Supporting Files/Info.plist";
				LD_RUNPATH_SEARCH_PATHS = (
					"$(inherited)",
					"@executable_path/Frameworks",
				);
				PRODUCT_BUNDLE_IDENTIFIER = br.com.victormelo.WhatsNewInARKit2;
				PRODUCT_NAME = "$(TARGET_NAME)";
				SWIFT_VERSION = 4.2;
				TARGETED_DEVICE_FAMILY = "1,2";
			};
			name = Debug;
		};
		EE5C086B21302A7C00F6296C /* Release */ = {
			isa = XCBuildConfiguration;
			buildSettings = {
				ASSETCATALOG_COMPILER_APPICON_NAME = AppIcon;
				CODE_SIGN_STYLE = Automatic;
				DEVELOPMENT_TEAM = Y93HUJS49V;
				INFOPLIST_FILE = "WhatsNewInARKit2/Supporting Files/Info.plist";
				LD_RUNPATH_SEARCH_PATHS = (
					"$(inherited)",
					"@executable_path/Frameworks",
				);
				PRODUCT_BUNDLE_IDENTIFIER = br.com.victormelo.WhatsNewInARKit2;
				PRODUCT_NAME = "$(TARGET_NAME)";
				SWIFT_VERSION = 4.2;
				TARGETED_DEVICE_FAMILY = "1,2";
			};
			name = Release;
		};
/* End XCBuildConfiguration section */

/* Begin XCConfigurationList section */
		EE5C085021302A7B00F6296C /* Build configuration list for PBXProject "WhatsNewInARKit2" */ = {
			isa = XCConfigurationList;
			buildConfigurations = (
				EE5C086721302A7C00F6296C /* Debug */,
				EE5C086821302A7C00F6296C /* Release */,
			);
			defaultConfigurationIsVisible = 0;
			defaultConfigurationName = Release;
		};
		EE5C086921302A7C00F6296C /* Build configuration list for PBXNativeTarget "WhatsNewInARKit2" */ = {
			isa = XCConfigurationList;
			buildConfigurations = (
				EE5C086A21302A7C00F6296C /* Debug */,
				EE5C086B21302A7C00F6296C /* Release */,
			);
			defaultConfigurationIsVisible = 0;
			defaultConfigurationName = Release;
		};
/* End XCConfigurationList section */
	};
	rootObject = EE5C084D21302A7B00F6296C /* Project object */;
}
